
Microsoft Visual Studio Solution File, Format Version 12.00
# Visual Studio Version 17
VisualStudioVersion = 17.5.002.0
MinimumVisualStudioVersion = 10.0.40219.1
Project("{2150E333-8FDC-42A3-9474-1A3956D46DE8}") = "lukspl", "lukspl", "{D0D4062D-ECF6-4F33-8FDF-E49250DD95A2}"
EndProject
Project("{2150E333-8FDC-42A3-9474-1A3956D46DE8}") = "aula-2", "aula-2", "{561A1A80-DE26-4E04-81EC-A5EE392D738C}"
EndProject
Project("{9A19103F-16F7-4668-BE54-9A1E7A4F7556}") = "ex-1", "lukspl\aula-2\ex-1\ex-1.csproj", "{8B62749C-7054-477F-AD3B-B27A68A8A10F}"
EndProject
Global
	GlobalSection(SolutionConfigurationPlatforms) = preSolution
		Debug|Any CPU = Debug|Any CPU
		Release|Any CPU = Release|Any CPU
	EndGlobalSection
	GlobalSection(ProjectConfigurationPlatforms) = postSolution
		{8B62749C-7054-477F-AD3B-B27A68A8A10F}.Debug|Any CPU.ActiveCfg = Debug|Any CPU
		{8B62749C-7054-477F-AD3B-B27A68A8A10F}.Debug|Any CPU.Build.0 = Debug|Any CPU
		{8B62749C-7054-477F-AD3B-B27A68A8A10F}.Release|Any CPU.ActiveCfg = Release|Any CPU
		{8B62749C-7054-477F-AD3B-B27A68A8A10F}.Release|Any CPU.Build.0 = Release|Any CPU
	EndGlobalSection
	GlobalSection(SolutionProperties) = preSolution
		HideSolutionNode = FALSE
	EndGlobalSection
	GlobalSection(NestedProjects) = preSolution
		{561A1A80-DE26-4E04-81EC-A5EE392D738C} = {D0D4062D-ECF6-4F33-8FDF-E49250DD95A2}
		{8B62749C-7054-477F-AD3B-B27A68A8A10F} = {561A1A80-DE26-4E04-81EC-A5EE392D738C}
	EndGlobalSection
	GlobalSection(ExtensibilityGlobals) = postSolution
		SolutionGuid = {7460337B-FB35-47E3-9A14-0CC7F4563566}
	EndGlobalSection
EndGlobal
