Microsoft Visual Studio Solution File, Format Version 12.00
# Visual Studio Version 17
VisualStudioVersion = 17.5.2.0
MinimumVisualStudioVersion = 10.0.40219.1
Project("{2150E333-8FDC-42A3-9474-1A3956D46DE8}") = "aula-13", "aula-13", "{7E185537-9868-7EEF-944B-9E4891A5A28C}"
EndProject
Project("{FAE04EC0-301F-11D3-BF4B-00C04F79EFBC}") = "Api", "aula-13\Api\Api.csproj", "{3E218794-964F-C7F0-EF6F-66CFF9BF26E5}"
EndProject
Global
	GlobalSection(SolutionConfigurationPlatforms) = preSolution
		Debug|Any CPU = Debug|Any CPU
		Release|Any CPU = Release|Any CPU
	EndGlobalSection
	GlobalSection(ProjectConfigurationPlatforms) = postSolution
		{3E218794-964F-C7F0-EF6F-66CFF9BF26E5}.Debug|Any CPU.ActiveCfg = Debug|Any CPU
		{3E218794-964F-C7F0-EF6F-66CFF9BF26E5}.Debug|Any CPU.Build.0 = Debug|Any CPU
		{3E218794-964F-C7F0-EF6F-66CFF9BF26E5}.Release|Any CPU.ActiveCfg = Release|Any CPU
		{3E218794-964F-C7F0-EF6F-66CFF9BF26E5}.Release|Any CPU.Build.0 = Release|Any CPU
	EndGlobalSection
	GlobalSection(SolutionProperties) = preSolution
		HideSolutionNode = FALSE
	EndGlobalSection
	GlobalSection(NestedProjects) = preSolution
		{3E218794-964F-C7F0-EF6F-66CFF9BF26E5} = {7E185537-9868-7EEF-944B-9E4891A5A28C}
	EndGlobalSection
	GlobalSection(ExtensibilityGlobals) = postSolution
		SolutionGuid = {41E222E9-7B8C-43DD-BE57-0D87AF8A18C4}
	EndGlobalSection
EndGlobal
