Microsoft Visual Studio Solution File, Format Version 12.00
# Visual Studio Version 17
VisualStudioVersion = 17.5.2.0
MinimumVisualStudioVersion = 10.0.40219.1
Project("{FAE04EC0-301F-11D3-BF4B-00C04F79EFBC}") = "Libs", "Libs\Libs.csproj", "{613D0432-AB1E-07F1-3CED-01CBF7C15D71}"
EndProject
Project("{FAE04EC0-301F-11D3-BF4B-00C04F79EFBC}") = "PetWeb", "PetWeb\PetWeb.csproj", "{376D16FF-B40F-8668-1764-27304E011EDD}"
EndProject
Global
	GlobalSection(SolutionConfigurationPlatforms) = preSolution
		Debug|Any CPU = Debug|Any CPU
		Release|Any CPU = Release|Any CPU
	EndGlobalSection
	GlobalSection(ProjectConfigurationPlatforms) = postSolution
		{613D0432-AB1E-07F1-3CED-01CBF7C15D71}.Debug|Any CPU.ActiveCfg = Debug|Any CPU
		{613D0432-AB1E-07F1-3CED-01CBF7C15D71}.Debug|Any CPU.Build.0 = Debug|Any CPU
		{613D0432-AB1E-07F1-3CED-01CBF7C15D71}.Release|Any CPU.ActiveCfg = Release|Any CPU
		{613D0432-AB1E-07F1-3CED-01CBF7C15D71}.Release|Any CPU.Build.0 = Release|Any CPU
		{376D16FF-B40F-8668-1764-27304E011EDD}.Debug|Any CPU.ActiveCfg = Debug|Any CPU
		{376D16FF-B40F-8668-1764-27304E011EDD}.Debug|Any CPU.Build.0 = Debug|Any CPU
		{376D16FF-B40F-8668-1764-27304E011EDD}.Release|Any CPU.ActiveCfg = Release|Any CPU
		{376D16FF-B40F-8668-1764-27304E011EDD}.Release|Any CPU.Build.0 = Release|Any CPU
	EndGlobalSection
	GlobalSection(SolutionProperties) = preSolution
		HideSolutionNode = FALSE
	EndGlobalSection
	GlobalSection(ExtensibilityGlobals) = postSolution
		SolutionGuid = {5EE8BEE1-AFA6-46B5-956A-A3027015BCF4}
	EndGlobalSection
EndGlobal
