Microsoft Visual Studio Solution File, Format Version 12.00
# Visual Studio Version 17
VisualStudioVersion = 17.5.2.0
MinimumVisualStudioVersion = 10.0.40219.1
Project("{2150E333-8FDC-42A3-9474-1A3956D46DE8}") = "aula-2", "aula-2", "{FC95C684-F8EC-4BB3-6473-EC442A8FEDBE}"
EndProject
Project("{2150E333-8FDC-42A3-9474-1A3956D46DE8}") = "aula-3", "aula-3", "{EAB108B6-D57F-51FA-D2A2-AA97901634E5}"
EndProject
Project("{2150E333-8FDC-42A3-9474-1A3956D46DE8}") = "aula-4", "aula-4", "{A0B625D7-0652-E113-45F0-7D0239AF0B32}"
EndProject
Project("{2150E333-8FDC-42A3-9474-1A3956D46DE8}") = "aula-5", "aula-5", "{1F9029C6-102F-F7E6-5174-4CC61436C702}"
EndProject
Project("{2150E333-8FDC-42A3-9474-1A3956D46DE8}") = "aula-6", "aula-6", "{B9A2ECC4-1B0A-FFA2-E8B5-5EBC28E768F1}"
EndProject
Project("{2150E333-8FDC-42A3-9474-1A3956D46DE8}") = "aula-7", "aula-7", "{6295A631-BF24-B210-EF00-275DBB7D45BF}"
EndProject
Project("{FAE04EC0-301F-11D3-BF4B-00C04F79EFBC}") = "desafio-aula-2", "aula-2\desafio-aula-2\desafio-aula-2.csproj", "{347522C6-5806-8996-9BC6-C9DB0A57E0C6}"
EndProject
Project("{FAE04EC0-301F-11D3-BF4B-00C04F79EFBC}") = "ex-1", "aula-2\ex-1\ex-1.csproj", "{B52081BB-64DC-5274-22BF-B6175A456C5A}"
EndProject
Project("{FAE04EC0-301F-11D3-BF4B-00C04F79EFBC}") = "ex-2", "aula-2\ex-2\ex-2.csproj", "{EC40DF27-E322-57D1-6165-B4B53728B276}"
EndProject
Project("{FAE04EC0-301F-11D3-BF4B-00C04F79EFBC}") = "ex-3", "aula-2\ex-3\ex-3.csproj", "{9CD40C4E-EBFA-0539-088E-471820BF1C01}"
EndProject
Project("{FAE04EC0-301F-11D3-BF4B-00C04F79EFBC}") = "ex-1", "aula-3\ex-1\ex-1.csproj", "{E217CECA-0471-8B04-CB2A-88E79BB6372C}"
EndProject
Project("{FAE04EC0-301F-11D3-BF4B-00C04F79EFBC}") = "ex-2", "aula-3\ex-2\ex-2.csproj", "{93F1C58C-D45C-0639-BAAA-FABF90F8289D}"
EndProject
Project("{FAE04EC0-301F-11D3-BF4B-00C04F79EFBC}") = "ex-3", "aula-3\ex-3\ex-3.csproj", "{B11BBD86-FCD9-6D53-0289-7F1CD7A01049}"
EndProject
Project("{FAE04EC0-301F-11D3-BF4B-00C04F79EFBC}") = "ex-1", "aula-4\ex-1\ex-1.csproj", "{ED9214BE-059D-D39D-754B-214055420B92}"
EndProject
Project("{FAE04EC0-301F-11D3-BF4B-00C04F79EFBC}") = "ex-10", "aula-4\ex-10\ex-10.csproj", "{5823A827-1C4D-DDC4-82DC-DC5F64F4F5EF}"
EndProject
Project("{FAE04EC0-301F-11D3-BF4B-00C04F79EFBC}") = "ex-2", "aula-4\ex-2\ex-2.csproj", "{B6E5CAF2-12DF-7F25-A916-C536C82D4056}"
EndProject
Project("{FAE04EC0-301F-11D3-BF4B-00C04F79EFBC}") = "ex-3", "aula-4\ex-3\ex-3.csproj", "{248BCD44-264C-1C79-1027-3E1F05EADF9F}"
EndProject
Project("{FAE04EC0-301F-11D3-BF4B-00C04F79EFBC}") = "ex-4", "aula-4\ex-4\ex-4.csproj", "{A211FBB6-D274-D6FB-98AF-1E28EBD46774}"
EndProject
Project("{FAE04EC0-301F-11D3-BF4B-00C04F79EFBC}") = "ex-5", "aula-4\ex-5\ex-5.csproj", "{7132FEAF-1140-6F0C-0C98-E59B025CD191}"
EndProject
Project("{FAE04EC0-301F-11D3-BF4B-00C04F79EFBC}") = "ex-6", "aula-4\ex-6\ex-6.csproj", "{6DA829F7-491F-4E69-10CA-CE88D83A78BD}"
EndProject
Project("{FAE04EC0-301F-11D3-BF4B-00C04F79EFBC}") = "ex-7", "aula-4\ex-7\ex-7.csproj", "{F587B673-AC5D-8B82-0DAE-7BE2CB050F69}"
EndProject
Project("{FAE04EC0-301F-11D3-BF4B-00C04F79EFBC}") = "ex-8", "aula-4\ex-8\ex-8.csproj", "{D6AB2D25-E0C1-64CE-B9D5-4B6A2CB8252D}"
EndProject
Project("{FAE04EC0-301F-11D3-BF4B-00C04F79EFBC}") = "ex-9", "aula-4\ex-9\ex-9.csproj", "{460A3B76-212B-A7D2-A080-EE3A182F7C3C}"
EndProject
Project("{FAE04EC0-301F-11D3-BF4B-00C04F79EFBC}") = "ex-1", "aula-5\ex-1\ex-1.csproj", "{991BC1BD-E8C0-738F-6166-98E403D2D394}"
EndProject
Project("{FAE04EC0-301F-11D3-BF4B-00C04F79EFBC}") = "ex-2", "aula-5\ex-2\ex-2.csproj", "{5F1D3930-56FD-E4B9-D3C6-4FAFF1FEC88B}"
EndProject
Project("{FAE04EC0-301F-11D3-BF4B-00C04F79EFBC}") = "ex-1", "aula-6\ex-1\ex-1.csproj", "{95DC5B59-3B04-5C35-E873-D032CD097336}"
EndProject
Project("{FAE04EC0-301F-11D3-BF4B-00C04F79EFBC}") = "ex-2", "aula-6\ex-2\ex-2.csproj", "{BCF28CBF-CEF1-E0DD-3BB3-DB8FDB4005AF}"
EndProject
Project("{FAE04EC0-301F-11D3-BF4B-00C04F79EFBC}") = "ex-3", "aula-6\ex-3\ex-3.csproj", "{15C75152-711A-4FCD-5D01-83B4210B1C57}"
EndProject
Project("{FAE04EC0-301F-11D3-BF4B-00C04F79EFBC}") = "ex-4", "aula-6\ex-4\ex-4.csproj", "{55BAFE3D-1024-8631-86D0-A70086334520}"
EndProject
Project("{FAE04EC0-301F-11D3-BF4B-00C04F79EFBC}") = "ex-1", "aula-7\ex-1\ex-1.csproj", "{5C0474C9-B69A-A486-60E0-0AFADB9E0126}"
EndProject
Project("{FAE04EC0-301F-11D3-BF4B-00C04F79EFBC}") = "ex-2", "aula-7\ex-2\ex-2.csproj", "{EC848C65-2EA0-879A-F8E5-358348EAFAB6}"
EndProject
Project("{FAE04EC0-301F-11D3-BF4B-00C04F79EFBC}") = "ex-3", "aula-7\ex-3\ex-3.csproj", "{A5CC1183-2F40-B223-96DE-889A031BBCC2}"
EndProject
Project("{FAE04EC0-301F-11D3-BF4B-00C04F79EFBC}") = "ex-4", "aula-7\ex-4\ex-4.csproj", "{AC5E33D2-A10B-A342-E65D-F3E7EC444F44}"
EndProject
Project("{2150E333-8FDC-42A3-9474-1A3956D46DE8}") = "desafios", "desafios", "{F2EF6E23-4B28-59DD-5A96-0E980A629E7E}"
EndProject
Project("{FAE04EC0-301F-11D3-BF4B-00C04F79EFBC}") = "desafio", "aula-3\desafios\desafio1\desafio.csproj", "{B959E618-4539-3218-FFA8-887A1FF01BB3}"
EndProject
Project("{FAE04EC0-301F-11D3-BF4B-00C04F79EFBC}") = "desafio2", "aula-3\desafios\desafio2\desafio2.csproj", "{0941DAC3-F4B5-9CC3-0A12-24E7A6D27011}"
EndProject
Project("{2150E333-8FDC-42A3-9474-1A3956D46DE8}") = "desafios", "desafios", "{165BB0D5-3154-62A3-9FFC-42BE9ED4CD13}"
EndProject
Project("{FAE04EC0-301F-11D3-BF4B-00C04F79EFBC}") = "desafio-1", "aula-4\desafios\desafio-1\desafio-1.csproj", "{88674635-D90D-8625-21A8-D6F09B2DF40E}"
EndProject
Project("{FAE04EC0-301F-11D3-BF4B-00C04F79EFBC}") = "desafio-2", "aula-4\desafios\desafio-2\desafio-2.csproj", "{E2AE8DBD-DC02-8A02-768B-0AC390483996}"
EndProject
Global
	GlobalSection(SolutionConfigurationPlatforms) = preSolution
		Debug|Any CPU = Debug|Any CPU
		Release|Any CPU = Release|Any CPU
	EndGlobalSection
	GlobalSection(ProjectConfigurationPlatforms) = postSolution
		{347522C6-5806-8996-9BC6-C9DB0A57E0C6}.Debug|Any CPU.ActiveCfg = Debug|Any CPU
		{347522C6-5806-8996-9BC6-C9DB0A57E0C6}.Debug|Any CPU.Build.0 = Debug|Any CPU
		{347522C6-5806-8996-9BC6-C9DB0A57E0C6}.Release|Any CPU.ActiveCfg = Release|Any CPU
		{347522C6-5806-8996-9BC6-C9DB0A57E0C6}.Release|Any CPU.Build.0 = Release|Any CPU
		{B52081BB-64DC-5274-22BF-B6175A456C5A}.Debug|Any CPU.ActiveCfg = Debug|Any CPU
		{B52081BB-64DC-5274-22BF-B6175A456C5A}.Debug|Any CPU.Build.0 = Debug|Any CPU
		{B52081BB-64DC-5274-22BF-B6175A456C5A}.Release|Any CPU.ActiveCfg = Release|Any CPU
		{B52081BB-64DC-5274-22BF-B6175A456C5A}.Release|Any CPU.Build.0 = Release|Any CPU
		{EC40DF27-E322-57D1-6165-B4B53728B276}.Debug|Any CPU.ActiveCfg = Debug|Any CPU
		{EC40DF27-E322-57D1-6165-B4B53728B276}.Debug|Any CPU.Build.0 = Debug|Any CPU
		{EC40DF27-E322-57D1-6165-B4B53728B276}.Release|Any CPU.ActiveCfg = Release|Any CPU
		{EC40DF27-E322-57D1-6165-B4B53728B276}.Release|Any CPU.Build.0 = Release|Any CPU
		{9CD40C4E-EBFA-0539-088E-471820BF1C01}.Debug|Any CPU.ActiveCfg = Debug|Any CPU
		{9CD40C4E-EBFA-0539-088E-471820BF1C01}.Debug|Any CPU.Build.0 = Debug|Any CPU
		{9CD40C4E-EBFA-0539-088E-471820BF1C01}.Release|Any CPU.ActiveCfg = Release|Any CPU
		{9CD40C4E-EBFA-0539-088E-471820BF1C01}.Release|Any CPU.Build.0 = Release|Any CPU
		{E217CECA-0471-8B04-CB2A-88E79BB6372C}.Debug|Any CPU.ActiveCfg = Debug|Any CPU
		{E217CECA-0471-8B04-CB2A-88E79BB6372C}.Debug|Any CPU.Build.0 = Debug|Any CPU
		{E217CECA-0471-8B04-CB2A-88E79BB6372C}.Release|Any CPU.ActiveCfg = Release|Any CPU
		{E217CECA-0471-8B04-CB2A-88E79BB6372C}.Release|Any CPU.Build.0 = Release|Any CPU
		{93F1C58C-D45C-0639-BAAA-FABF90F8289D}.Debug|Any CPU.ActiveCfg = Debug|Any CPU
		{93F1C58C-D45C-0639-BAAA-FABF90F8289D}.Debug|Any CPU.Build.0 = Debug|Any CPU
		{93F1C58C-D45C-0639-BAAA-FABF90F8289D}.Release|Any CPU.ActiveCfg = Release|Any CPU
		{93F1C58C-D45C-0639-BAAA-FABF90F8289D}.Release|Any CPU.Build.0 = Release|Any CPU
		{B11BBD86-FCD9-6D53-0289-7F1CD7A01049}.Debug|Any CPU.ActiveCfg = Debug|Any CPU
		{B11BBD86-FCD9-6D53-0289-7F1CD7A01049}.Debug|Any CPU.Build.0 = Debug|Any CPU
		{B11BBD86-FCD9-6D53-0289-7F1CD7A01049}.Release|Any CPU.ActiveCfg = Release|Any CPU
		{B11BBD86-FCD9-6D53-0289-7F1CD7A01049}.Release|Any CPU.Build.0 = Release|Any CPU
		{ED9214BE-059D-D39D-754B-214055420B92}.Debug|Any CPU.ActiveCfg = Debug|Any CPU
		{ED9214BE-059D-D39D-754B-214055420B92}.Debug|Any CPU.Build.0 = Debug|Any CPU
		{ED9214BE-059D-D39D-754B-214055420B92}.Release|Any CPU.ActiveCfg = Release|Any CPU
		{ED9214BE-059D-D39D-754B-214055420B92}.Release|Any CPU.Build.0 = Release|Any CPU
		{5823A827-1C4D-DDC4-82DC-DC5F64F4F5EF}.Debug|Any CPU.ActiveCfg = Debug|Any CPU
		{5823A827-1C4D-DDC4-82DC-DC5F64F4F5EF}.Debug|Any CPU.Build.0 = Debug|Any CPU
		{5823A827-1C4D-DDC4-82DC-DC5F64F4F5EF}.Release|Any CPU.ActiveCfg = Release|Any CPU
		{5823A827-1C4D-DDC4-82DC-DC5F64F4F5EF}.Release|Any CPU.Build.0 = Release|Any CPU
		{B6E5CAF2-12DF-7F25-A916-C536C82D4056}.Debug|Any CPU.ActiveCfg = Debug|Any CPU
		{B6E5CAF2-12DF-7F25-A916-C536C82D4056}.Debug|Any CPU.Build.0 = Debug|Any CPU
		{B6E5CAF2-12DF-7F25-A916-C536C82D4056}.Release|Any CPU.ActiveCfg = Release|Any CPU
		{B6E5CAF2-12DF-7F25-A916-C536C82D4056}.Release|Any CPU.Build.0 = Release|Any CPU
		{248BCD44-264C-1C79-1027-3E1F05EADF9F}.Debug|Any CPU.ActiveCfg = Debug|Any CPU
		{248BCD44-264C-1C79-1027-3E1F05EADF9F}.Debug|Any CPU.Build.0 = Debug|Any CPU
		{248BCD44-264C-1C79-1027-3E1F05EADF9F}.Release|Any CPU.ActiveCfg = Release|Any CPU
		{248BCD44-264C-1C79-1027-3E1F05EADF9F}.Release|Any CPU.Build.0 = Release|Any CPU
		{A211FBB6-D274-D6FB-98AF-1E28EBD46774}.Debug|Any CPU.ActiveCfg = Debug|Any CPU
		{A211FBB6-D274-D6FB-98AF-1E28EBD46774}.Debug|Any CPU.Build.0 = Debug|Any CPU
		{A211FBB6-D274-D6FB-98AF-1E28EBD46774}.Release|Any CPU.ActiveCfg = Release|Any CPU
		{A211FBB6-D274-D6FB-98AF-1E28EBD46774}.Release|Any CPU.Build.0 = Release|Any CPU
		{7132FEAF-1140-6F0C-0C98-E59B025CD191}.Debug|Any CPU.ActiveCfg = Debug|Any CPU
		{7132FEAF-1140-6F0C-0C98-E59B025CD191}.Debug|Any CPU.Build.0 = Debug|Any CPU
		{7132FEAF-1140-6F0C-0C98-E59B025CD191}.Release|Any CPU.ActiveCfg = Release|Any CPU
		{7132FEAF-1140-6F0C-0C98-E59B025CD191}.Release|Any CPU.Build.0 = Release|Any CPU
		{6DA829F7-491F-4E69-10CA-CE88D83A78BD}.Debug|Any CPU.ActiveCfg = Debug|Any CPU
		{6DA829F7-491F-4E69-10CA-CE88D83A78BD}.Debug|Any CPU.Build.0 = Debug|Any CPU
		{6DA829F7-491F-4E69-10CA-CE88D83A78BD}.Release|Any CPU.ActiveCfg = Release|Any CPU
		{6DA829F7-491F-4E69-10CA-CE88D83A78BD}.Release|Any CPU.Build.0 = Release|Any CPU
		{F587B673-AC5D-8B82-0DAE-7BE2CB050F69}.Debug|Any CPU.ActiveCfg = Debug|Any CPU
		{F587B673-AC5D-8B82-0DAE-7BE2CB050F69}.Debug|Any CPU.Build.0 = Debug|Any CPU
		{F587B673-AC5D-8B82-0DAE-7BE2CB050F69}.Release|Any CPU.ActiveCfg = Release|Any CPU
		{F587B673-AC5D-8B82-0DAE-7BE2CB050F69}.Release|Any CPU.Build.0 = Release|Any CPU
		{D6AB2D25-E0C1-64CE-B9D5-4B6A2CB8252D}.Debug|Any CPU.ActiveCfg = Debug|Any CPU
		{D6AB2D25-E0C1-64CE-B9D5-4B6A2CB8252D}.Debug|Any CPU.Build.0 = Debug|Any CPU
		{D6AB2D25-E0C1-64CE-B9D5-4B6A2CB8252D}.Release|Any CPU.ActiveCfg = Release|Any CPU
		{D6AB2D25-E0C1-64CE-B9D5-4B6A2CB8252D}.Release|Any CPU.Build.0 = Release|Any CPU
		{460A3B76-212B-A7D2-A080-EE3A182F7C3C}.Debug|Any CPU.ActiveCfg = Debug|Any CPU
		{460A3B76-212B-A7D2-A080-EE3A182F7C3C}.Debug|Any CPU.Build.0 = Debug|Any CPU
		{460A3B76-212B-A7D2-A080-EE3A182F7C3C}.Release|Any CPU.ActiveCfg = Release|Any CPU
		{460A3B76-212B-A7D2-A080-EE3A182F7C3C}.Release|Any CPU.Build.0 = Release|Any CPU
		{991BC1BD-E8C0-738F-6166-98E403D2D394}.Debug|Any CPU.ActiveCfg = Debug|Any CPU
		{991BC1BD-E8C0-738F-6166-98E403D2D394}.Debug|Any CPU.Build.0 = Debug|Any CPU
		{991BC1BD-E8C0-738F-6166-98E403D2D394}.Release|Any CPU.ActiveCfg = Release|Any CPU
		{991BC1BD-E8C0-738F-6166-98E403D2D394}.Release|Any CPU.Build.0 = Release|Any CPU
		{5F1D3930-56FD-E4B9-D3C6-4FAFF1FEC88B}.Debug|Any CPU.ActiveCfg = Debug|Any CPU
		{5F1D3930-56FD-E4B9-D3C6-4FAFF1FEC88B}.Debug|Any CPU.Build.0 = Debug|Any CPU
		{5F1D3930-56FD-E4B9-D3C6-4FAFF1FEC88B}.Release|Any CPU.ActiveCfg = Release|Any CPU
		{5F1D3930-56FD-E4B9-D3C6-4FAFF1FEC88B}.Release|Any CPU.Build.0 = Release|Any CPU
		{95DC5B59-3B04-5C35-E873-D032CD097336}.Debug|Any CPU.ActiveCfg = Debug|Any CPU
		{95DC5B59-3B04-5C35-E873-D032CD097336}.Debug|Any CPU.Build.0 = Debug|Any CPU
		{95DC5B59-3B04-5C35-E873-D032CD097336}.Release|Any CPU.ActiveCfg = Release|Any CPU
		{95DC5B59-3B04-5C35-E873-D032CD097336}.Release|Any CPU.Build.0 = Release|Any CPU
		{BCF28CBF-CEF1-E0DD-3BB3-DB8FDB4005AF}.Debug|Any CPU.ActiveCfg = Debug|Any CPU
		{BCF28CBF-CEF1-E0DD-3BB3-DB8FDB4005AF}.Debug|Any CPU.Build.0 = Debug|Any CPU
		{BCF28CBF-CEF1-E0DD-3BB3-DB8FDB4005AF}.Release|Any CPU.ActiveCfg = Release|Any CPU
		{BCF28CBF-CEF1-E0DD-3BB3-DB8FDB4005AF}.Release|Any CPU.Build.0 = Release|Any CPU
		{15C75152-711A-4FCD-5D01-83B4210B1C57}.Debug|Any CPU.ActiveCfg = Debug|Any CPU
		{15C75152-711A-4FCD-5D01-83B4210B1C57}.Debug|Any CPU.Build.0 = Debug|Any CPU
		{15C75152-711A-4FCD-5D01-83B4210B1C57}.Release|Any CPU.ActiveCfg = Release|Any CPU
		{15C75152-711A-4FCD-5D01-83B4210B1C57}.Release|Any CPU.Build.0 = Release|Any CPU
		{55BAFE3D-1024-8631-86D0-A70086334520}.Debug|Any CPU.ActiveCfg = Debug|Any CPU
		{55BAFE3D-1024-8631-86D0-A70086334520}.Debug|Any CPU.Build.0 = Debug|Any CPU
		{55BAFE3D-1024-8631-86D0-A70086334520}.Release|Any CPU.ActiveCfg = Release|Any CPU
		{55BAFE3D-1024-8631-86D0-A70086334520}.Release|Any CPU.Build.0 = Release|Any CPU
		{5C0474C9-B69A-A486-60E0-0AFADB9E0126}.Debug|Any CPU.ActiveCfg = Debug|Any CPU
		{5C0474C9-B69A-A486-60E0-0AFADB9E0126}.Debug|Any CPU.Build.0 = Debug|Any CPU
		{5C0474C9-B69A-A486-60E0-0AFADB9E0126}.Release|Any CPU.ActiveCfg = Release|Any CPU
		{5C0474C9-B69A-A486-60E0-0AFADB9E0126}.Release|Any CPU.Build.0 = Release|Any CPU
		{EC848C65-2EA0-879A-F8E5-358348EAFAB6}.Debug|Any CPU.ActiveCfg = Debug|Any CPU
		{EC848C65-2EA0-879A-F8E5-358348EAFAB6}.Debug|Any CPU.Build.0 = Debug|Any CPU
		{EC848C65-2EA0-879A-F8E5-358348EAFAB6}.Release|Any CPU.ActiveCfg = Release|Any CPU
		{EC848C65-2EA0-879A-F8E5-358348EAFAB6}.Release|Any CPU.Build.0 = Release|Any CPU
		{A5CC1183-2F40-B223-96DE-889A031BBCC2}.Debug|Any CPU.ActiveCfg = Debug|Any CPU
		{A5CC1183-2F40-B223-96DE-889A031BBCC2}.Debug|Any CPU.Build.0 = Debug|Any CPU
		{A5CC1183-2F40-B223-96DE-889A031BBCC2}.Release|Any CPU.ActiveCfg = Release|Any CPU
		{A5CC1183-2F40-B223-96DE-889A031BBCC2}.Release|Any CPU.Build.0 = Release|Any CPU
		{AC5E33D2-A10B-A342-E65D-F3E7EC444F44}.Debug|Any CPU.ActiveCfg = Debug|Any CPU
		{AC5E33D2-A10B-A342-E65D-F3E7EC444F44}.Debug|Any CPU.Build.0 = Debug|Any CPU
		{AC5E33D2-A10B-A342-E65D-F3E7EC444F44}.Release|Any CPU.ActiveCfg = Release|Any CPU
		{AC5E33D2-A10B-A342-E65D-F3E7EC444F44}.Release|Any CPU.Build.0 = Release|Any CPU
		{B959E618-4539-3218-FFA8-887A1FF01BB3}.Debug|Any CPU.ActiveCfg = Debug|Any CPU
		{B959E618-4539-3218-FFA8-887A1FF01BB3}.Debug|Any CPU.Build.0 = Debug|Any CPU
		{B959E618-4539-3218-FFA8-887A1FF01BB3}.Release|Any CPU.ActiveCfg = Release|Any CPU
		{B959E618-4539-3218-FFA8-887A1FF01BB3}.Release|Any CPU.Build.0 = Release|Any CPU
		{0941DAC3-F4B5-9CC3-0A12-24E7A6D27011}.Debug|Any CPU.ActiveCfg = Debug|Any CPU
		{0941DAC3-F4B5-9CC3-0A12-24E7A6D27011}.Debug|Any CPU.Build.0 = Debug|Any CPU
		{0941DAC3-F4B5-9CC3-0A12-24E7A6D27011}.Release|Any CPU.ActiveCfg = Release|Any CPU
		{0941DAC3-F4B5-9CC3-0A12-24E7A6D27011}.Release|Any CPU.Build.0 = Release|Any CPU
		{88674635-D90D-8625-21A8-D6F09B2DF40E}.Debug|Any CPU.ActiveCfg = Debug|Any CPU
		{88674635-D90D-8625-21A8-D6F09B2DF40E}.Debug|Any CPU.Build.0 = Debug|Any CPU
		{88674635-D90D-8625-21A8-D6F09B2DF40E}.Release|Any CPU.ActiveCfg = Release|Any CPU
		{88674635-D90D-8625-21A8-D6F09B2DF40E}.Release|Any CPU.Build.0 = Release|Any CPU
		{E2AE8DBD-DC02-8A02-768B-0AC390483996}.Debug|Any CPU.ActiveCfg = Debug|Any CPU
		{E2AE8DBD-DC02-8A02-768B-0AC390483996}.Debug|Any CPU.Build.0 = Debug|Any CPU
		{E2AE8DBD-DC02-8A02-768B-0AC390483996}.Release|Any CPU.ActiveCfg = Release|Any CPU
		{E2AE8DBD-DC02-8A02-768B-0AC390483996}.Release|Any CPU.Build.0 = Release|Any CPU
	EndGlobalSection
	GlobalSection(SolutionProperties) = preSolution
		HideSolutionNode = FALSE
	EndGlobalSection
	GlobalSection(NestedProjects) = preSolution
		{347522C6-5806-8996-9BC6-C9DB0A57E0C6} = {FC95C684-F8EC-4BB3-6473-EC442A8FEDBE}
		{B52081BB-64DC-5274-22BF-B6175A456C5A} = {FC95C684-F8EC-4BB3-6473-EC442A8FEDBE}
		{EC40DF27-E322-57D1-6165-B4B53728B276} = {FC95C684-F8EC-4BB3-6473-EC442A8FEDBE}
		{9CD40C4E-EBFA-0539-088E-471820BF1C01} = {FC95C684-F8EC-4BB3-6473-EC442A8FEDBE}
		{E217CECA-0471-8B04-CB2A-88E79BB6372C} = {EAB108B6-D57F-51FA-D2A2-AA97901634E5}
		{93F1C58C-D45C-0639-BAAA-FABF90F8289D} = {EAB108B6-D57F-51FA-D2A2-AA97901634E5}
		{B11BBD86-FCD9-6D53-0289-7F1CD7A01049} = {EAB108B6-D57F-51FA-D2A2-AA97901634E5}
		{ED9214BE-059D-D39D-754B-214055420B92} = {A0B625D7-0652-E113-45F0-7D0239AF0B32}
		{5823A827-1C4D-DDC4-82DC-DC5F64F4F5EF} = {A0B625D7-0652-E113-45F0-7D0239AF0B32}
		{B6E5CAF2-12DF-7F25-A916-C536C82D4056} = {A0B625D7-0652-E113-45F0-7D0239AF0B32}
		{248BCD44-264C-1C79-1027-3E1F05EADF9F} = {A0B625D7-0652-E113-45F0-7D0239AF0B32}
		{A211FBB6-D274-D6FB-98AF-1E28EBD46774} = {A0B625D7-0652-E113-45F0-7D0239AF0B32}
		{7132FEAF-1140-6F0C-0C98-E59B025CD191} = {A0B625D7-0652-E113-45F0-7D0239AF0B32}
		{6DA829F7-491F-4E69-10CA-CE88D83A78BD} = {A0B625D7-0652-E113-45F0-7D0239AF0B32}
		{F587B673-AC5D-8B82-0DAE-7BE2CB050F69} = {A0B625D7-0652-E113-45F0-7D0239AF0B32}
		{D6AB2D25-E0C1-64CE-B9D5-4B6A2CB8252D} = {A0B625D7-0652-E113-45F0-7D0239AF0B32}
		{460A3B76-212B-A7D2-A080-EE3A182F7C3C} = {A0B625D7-0652-E113-45F0-7D0239AF0B32}
		{991BC1BD-E8C0-738F-6166-98E403D2D394} = {1F9029C6-102F-F7E6-5174-4CC61436C702}
		{5F1D3930-56FD-E4B9-D3C6-4FAFF1FEC88B} = {1F9029C6-102F-F7E6-5174-4CC61436C702}
		{95DC5B59-3B04-5C35-E873-D032CD097336} = {B9A2ECC4-1B0A-FFA2-E8B5-5EBC28E768F1}
		{BCF28CBF-CEF1-E0DD-3BB3-DB8FDB4005AF} = {B9A2ECC4-1B0A-FFA2-E8B5-5EBC28E768F1}
		{15C75152-711A-4FCD-5D01-83B4210B1C57} = {B9A2ECC4-1B0A-FFA2-E8B5-5EBC28E768F1}
		{55BAFE3D-1024-8631-86D0-A70086334520} = {B9A2ECC4-1B0A-FFA2-E8B5-5EBC28E768F1}
		{5C0474C9-B69A-A486-60E0-0AFADB9E0126} = {6295A631-BF24-B210-EF00-275DBB7D45BF}
		{EC848C65-2EA0-879A-F8E5-358348EAFAB6} = {6295A631-BF24-B210-EF00-275DBB7D45BF}
		{A5CC1183-2F40-B223-96DE-889A031BBCC2} = {6295A631-BF24-B210-EF00-275DBB7D45BF}
		{AC5E33D2-A10B-A342-E65D-F3E7EC444F44} = {6295A631-BF24-B210-EF00-275DBB7D45BF}
		{F2EF6E23-4B28-59DD-5A96-0E980A629E7E} = {EAB108B6-D57F-51FA-D2A2-AA97901634E5}
		{B959E618-4539-3218-FFA8-887A1FF01BB3} = {F2EF6E23-4B28-59DD-5A96-0E980A629E7E}
		{0941DAC3-F4B5-9CC3-0A12-24E7A6D27011} = {F2EF6E23-4B28-59DD-5A96-0E980A629E7E}
		{165BB0D5-3154-62A3-9FFC-42BE9ED4CD13} = {A0B625D7-0652-E113-45F0-7D0239AF0B32}
		{88674635-D90D-8625-21A8-D6F09B2DF40E} = {165BB0D5-3154-62A3-9FFC-42BE9ED4CD13}
		{E2AE8DBD-DC02-8A02-768B-0AC390483996} = {165BB0D5-3154-62A3-9FFC-42BE9ED4CD13}
	EndGlobalSection
	GlobalSection(ExtensibilityGlobals) = postSolution
		SolutionGuid = {3BFDD1EC-44BD-4C4B-B9AA-AAF419F87E6D}
	EndGlobalSection
EndGlobal
